// !$*UTF8*$!
{
	archiveVersion = 1;
	classes = {
	};
	objectVersion = 55;
	objects = {

/* Begin PBXBuildFile section */
		439D8DBA28C3625500B5376A /* AppDelegate.swift in Sources */ = {isa = PBXBuildFile; fileRef = 439D8DB928C3625500B5376A /* AppDelegate.swift */; };
		439D8DBC28C3625500B5376A /* SceneDelegate.swift in Sources */ = {isa = PBXBuildFile; fileRef = 439D8DBB28C3625500B5376A /* SceneDelegate.swift */; };
		439D8DBE28C3625500B5376A /* WordCardViewController.swift in Sources */ = {isa = PBXBuildFile; fileRef = 439D8DBD28C3625500B5376A /* WordCardViewController.swift */; };
		439D8DC128C3625500B5376A /* Main.storyboard in Resources */ = {isa = PBXBuildFile; fileRef = 439D8DBF28C3625500B5376A /* Main.storyboard */; };
		439D8DC328C3625600B5376A /* Assets.xcassets in Resources */ = {isa = PBXBuildFile; fileRef = 439D8DC228C3625600B5376A /* Assets.xcassets */; };
		439D8DC628C3625600B5376A /* LaunchScreen.storyboard in Resources */ = {isa = PBXBuildFile; fileRef = 439D8DC428C3625600B5376A /* LaunchScreen.storyboard */; };
		439D8DD228C36EF200B5376A /* ImageResponse.swift in Sources */ = {isa = PBXBuildFile; fileRef = 439D8DD128C36EF200B5376A /* ImageResponse.swift */; };
		439D8DD528C374C000B5376A /* NetworkManager.swift in Sources */ = {isa = PBXBuildFile; fileRef = 439D8DD428C374C000B5376A /* NetworkManager.swift */; };
/* End PBXBuildFile section */

/* Begin PBXFileReference section */
		439D8DB628C3625500B5376A /* UnsplashFinder.app */ = {isa = PBXFileReference; explicitFileType = wrapper.application; includeInIndex = 0; path = UnsplashFinder.app; sourceTree = BUILT_PRODUCTS_DIR; };
		439D8DB928C3625500B5376A /* AppDelegate.swift */ = {isa = PBXFileReference; lastKnownFileType = sourcecode.swift; path = AppDelegate.swift; sourceTree = "<group>"; };
		439D8DBB28C3625500B5376A /* SceneDelegate.swift */ = {isa = PBXFileReference; lastKnownFileType = sourcecode.swift; path = SceneDelegate.swift; sourceTree = "<group>"; };
		439D8DBD28C3625500B5376A /* WordCardViewController.swift */ = {isa = PBXFileReference; lastKnownFileType = sourcecode.swift; path = WordCardViewController.swift; sourceTree = "<group>"; };
		439D8DC028C3625500B5376A /* Base */ = {isa = PBXFileReference; lastKnownFileType = file.storyboard; name = Base; path = Base.lproj/Main.storyboard; sourceTree = "<group>"; };
		439D8DC228C3625600B5376A /* Assets.xcassets */ = {isa = PBXFileReference; lastKnownFileType = folder.assetcatalog; path = Assets.xcassets; sourceTree = "<group>"; };
		439D8DC528C3625600B5376A /* Base */ = {isa = PBXFileReference; lastKnownFileType = file.storyboard; name = Base; path = Base.lproj/LaunchScreen.storyboard; sourceTree = "<group>"; };
		439D8DC728C3625600B5376A /* Info.plist */ = {isa = PBXFileReference; lastKnownFileType = text.plist.xml; path = Info.plist; sourceTree = "<group>"; };
		439D8DD128C36EF200B5376A /* ImageResponse.swift */ = {isa = PBXFileReference; lastKnownFileType = sourcecode.swift; path = ImageResponse.swift; sourceTree = "<group>"; };
		439D8DD428C374C000B5376A /* NetworkManager.swift */ = {isa = PBXFileReference; lastKnownFileType = sourcecode.swift; path = NetworkManager.swift; sourceTree = "<group>"; };
/* End PBXFileReference section */

/* Begin PBXFrameworksBuildPhase section */
		439D8DB328C3625500B5376A /* Frameworks */ = {
			isa = PBXFrameworksBuildPhase;
			buildActionMask = 2147483647;
			files = (
			);
			runOnlyForDeploymentPostprocessing = 0;
		};
/* End PBXFrameworksBuildPhase section */

/* Begin PBXGroup section */
		439D8DAD28C3625500B5376A = {
			isa = PBXGroup;
			children = (
				439D8DB828C3625500B5376A /* UnsplashFinder */,
				439D8DB728C3625500B5376A /* Products */,
			);
			sourceTree = "<group>";
		};
		439D8DB728C3625500B5376A /* Products */ = {
			isa = PBXGroup;
			children = (
				439D8DB628C3625500B5376A /* UnsplashFinder.app */,
			);
			name = Products;
			sourceTree = "<group>";
		};
		439D8DB828C3625500B5376A /* UnsplashFinder */ = {
			isa = PBXGroup;
			children = (
				439D8DCF28C36DA500B5376A /* App */,
				439D8DD028C36E4800B5376A /* ViewControllers */,
				439D8DCD28C36D5700B5376A /* Storyboards */,
				439D8DCE28C36D9100B5376A /* Resources */,
				439D8DD328C3747E00B5376A /* Models */,
				439D8DD628C374C400B5376A /* Services */,
			);
			path = UnsplashFinder;
			sourceTree = "<group>";
		};
		439D8DCD28C36D5700B5376A /* Storyboards */ = {
			isa = PBXGroup;
			children = (
				439D8DBF28C3625500B5376A /* Main.storyboard */,
				439D8DC428C3625600B5376A /* LaunchScreen.storyboard */,
			);
			path = Storyboards;
			sourceTree = "<group>";
		};
		439D8DCE28C36D9100B5376A /* Resources */ = {
			isa = PBXGroup;
			children = (
				439D8DC228C3625600B5376A /* Assets.xcassets */,
			);
			path = Resources;
			sourceTree = "<group>";
		};
		439D8DCF28C36DA500B5376A /* App */ = {
			isa = PBXGroup;
			children = (
				439D8DBB28C3625500B5376A /* SceneDelegate.swift */,
				439D8DB928C3625500B5376A /* AppDelegate.swift */,
				439D8DC728C3625600B5376A /* Info.plist */,
			);
			path = App;
			sourceTree = "<group>";
		};
		439D8DD028C36E4800B5376A /* ViewControllers */ = {
			isa = PBXGroup;
			children = (
				439D8DBD28C3625500B5376A /* WordCardViewController.swift */,
			);
			path = ViewControllers;
			sourceTree = "<group>";
		};
		439D8DD328C3747E00B5376A /* Models */ = {
			isa = PBXGroup;
			children = (
				439D8DD128C36EF200B5376A /* ImageResponse.swift */,
			);
			path = Models;
			sourceTree = "<group>";
		};
		439D8DD628C374C400B5376A /* Services */ = {
			isa = PBXGroup;
			children = (
				439D8DD428C374C000B5376A /* NetworkManager.swift */,
			);
			path = Services;
			sourceTree = "<group>";
		};
/* End PBXGroup section */

/* Begin PBXNativeTarget section */
		439D8DB528C3625500B5376A /* UnsplashFinder */ = {
			isa = PBXNativeTarget;
			buildConfigurationList = 439D8DCA28C3625600B5376A /* Build configuration list for PBXNativeTarget "UnsplashFinder" */;
			buildPhases = (
				439D8DB228C3625500B5376A /* Sources */,
				439D8DB328C3625500B5376A /* Frameworks */,
				439D8DB428C3625500B5376A /* Resources */,
			);
			buildRules = (
			);
			dependencies = (
			);
			name = UnsplashFinder;
			productName = UnsplashFinder;
			productReference = 439D8DB628C3625500B5376A /* UnsplashFinder.app */;
			productType = "com.apple.product-type.application";
		};
/* End PBXNativeTarget section */

/* Begin PBXProject section */
		439D8DAE28C3625500B5376A /* Project object */ = {
			isa = PBXProject;
			attributes = {
				BuildIndependentTargetsInParallel = 1;
				LastSwiftUpdateCheck = 1340;
				LastUpgradeCheck = 1340;
				TargetAttributes = {
					439D8DB528C3625500B5376A = {
						CreatedOnToolsVersion = 13.4.1;
					};
				};
			};
			buildConfigurationList = 439D8DB128C3625500B5376A /* Build configuration list for PBXProject "UnsplashFinder" */;
			compatibilityVersion = "Xcode 13.0";
			developmentRegion = en;
			hasScannedForEncodings = 0;
			knownRegions = (
				en,
				Base,
			);
			mainGroup = 439D8DAD28C3625500B5376A;
			productRefGroup = 439D8DB728C3625500B5376A /* Products */;
			projectDirPath = "";
			projectRoot = "";
			targets = (
				439D8DB528C3625500B5376A /* UnsplashFinder */,
			);
		};
/* End PBXProject section */

/* Begin PBXResourcesBuildPhase section */
		439D8DB428C3625500B5376A /* Resources */ = {
			isa = PBXResourcesBuildPhase;
			buildActionMask = 2147483647;
			files = (
				439D8DC628C3625600B5376A /* LaunchScreen.storyboard in Resources */,
				439D8DC328C3625600B5376A /* Assets.xcassets in Resources */,
				439D8DC128C3625500B5376A /* Main.storyboard in Resources */,
			);
			runOnlyForDeploymentPostprocessing = 0;
		};
/* End PBXResourcesBuildPhase section */

/* Begin PBXSourcesBuildPhase section */
		439D8DB228C3625500B5376A /* Sources */ = {
			isa = PBXSourcesBuildPhase;
			buildActionMask = 2147483647;
			files = (
				439D8DD228C36EF200B5376A /* ImageResponse.swift in Sources */,
				439D8DBE28C3625500B5376A /* WordCardViewController.swift in Sources */,
				439D8DD528C374C000B5376A /* NetworkManager.swift in Sources */,
				439D8DBA28C3625500B5376A /* AppDelegate.swift in Sources */,
				439D8DBC28C3625500B5376A /* SceneDelegate.swift in Sources */,
			);
			runOnlyForDeploymentPostprocessing = 0;
		};
/* End PBXSourcesBuildPhase section */

/* Begin PBXVariantGroup section */
		439D8DBF28C3625500B5376A /* Main.storyboard */ = {
			isa = PBXVariantGroup;
			children = (
				439D8DC028C3625500B5376A /* Base */,
			);
			name = Main.storyboard;
			sourceTree = "<group>";
		};
		439D8DC428C3625600B5376A /* LaunchScreen.storyboard */ = {
			isa = PBXVariantGroup;
			children = (
				439D8DC528C3625600B5376A /* Base */,
			);
			name = LaunchScreen.storyboard;
			sourceTree = "<group>";
		};
/* End PBXVariantGroup section */

/* Begin XCBuildConfiguration section */
		439D8DC828C3625600B5376A /* Debug */ = {
			isa = XCBuildConfiguration;
			buildSettings = {
				ALWAYS_SEARCH_USER_PATHS = NO;
				CLANG_ANALYZER_NONNULL = YES;
				CLANG_ANALYZER_NUMBER_OBJECT_CONVERSION = YES_AGGRESSIVE;
				CLANG_CXX_LANGUAGE_STANDARD = "gnu++17";
				CLANG_ENABLE_MODULES = YES;
				CLANG_ENABLE_OBJC_ARC = YES;
				CLANG_ENABLE_OBJC_WEAK = YES;
				CLANG_WARN_BLOCK_CAPTURE_AUTORELEASING = YES;
				CLANG_WARN_BOOL_CONVERSION = YES;
				CLANG_WARN_COMMA = YES;
				CLANG_WARN_CONSTANT_CONVERSION = YES;
				CLANG_WARN_DEPRECATED_OBJC_IMPLEMENTATIONS = YES;
				CLANG_WARN_DIRECT_OBJC_ISA_USAGE = YES_ERROR;
				CLANG_WARN_DOCUMENTATION_COMMENTS = YES;
				CLANG_WARN_EMPTY_BODY = YES;
				CLANG_WARN_ENUM_CONVERSION = YES;
				CLANG_WARN_INFINITE_RECURSION = YES;
				CLANG_WARN_INT_CONVERSION = YES;
				CLANG_WARN_NON_LITERAL_NULL_CONVERSION = YES;
				CLANG_WARN_OBJC_IMPLICIT_RETAIN_SELF = YES;
				CLANG_WARN_OBJC_LITERAL_CONVERSION = YES;
				CLANG_WARN_OBJC_ROOT_CLASS = YES_ERROR;
				CLANG_WARN_QUOTED_INCLUDE_IN_FRAMEWORK_HEADER = YES;
				CLANG_WARN_RANGE_LOOP_ANALYSIS = YES;
				CLANG_WARN_STRICT_PROTOTYPES = YES;
				CLANG_WARN_SUSPICIOUS_MOVE = YES;
				CLANG_WARN_UNGUARDED_AVAILABILITY = YES_AGGRESSIVE;
				CLANG_WARN_UNREACHABLE_CODE = YES;
				CLANG_WARN__DUPLICATE_METHOD_MATCH = YES;
				COPY_PHASE_STRIP = NO;
				DEBUG_INFORMATION_FORMAT = dwarf;
				ENABLE_STRICT_OBJC_MSGSEND = YES;
				ENABLE_TESTABILITY = YES;
				GCC_C_LANGUAGE_STANDARD = gnu11;
				GCC_DYNAMIC_NO_PIC = NO;
				GCC_NO_COMMON_BLOCKS = YES;
				GCC_OPTIMIZATION_LEVEL = 0;
				GCC_PREPROCESSOR_DEFINITIONS = (
					"DEBUG=1",
					"$(inherited)",
				);
				GCC_WARN_64_TO_32_BIT_CONVERSION = YES;
				GCC_WARN_ABOUT_RETURN_TYPE = YES_ERROR;
				GCC_WARN_UNDECLARED_SELECTOR = YES;
				GCC_WARN_UNINITIALIZED_AUTOS = YES_AGGRESSIVE;
				GCC_WARN_UNUSED_FUNCTION = YES;
				GCC_WARN_UNUSED_VARIABLE = YES;
				IPHONEOS_DEPLOYMENT_TARGET = 15.5;
				MTL_ENABLE_DEBUG_INFO = INCLUDE_SOURCE;
				MTL_FAST_MATH = YES;
				ONLY_ACTIVE_ARCH = YES;
				SDKROOT = iphoneos;
				SWIFT_ACTIVE_COMPILATION_CONDITIONS = DEBUG;
				SWIFT_OPTIMIZATION_LEVEL = "-Onone";
			};
			name = Debug;
		};
		439D8DC928C3625600B5376A /* Release */ = {
			isa = XCBuildConfiguration;
			buildSettings = {
				ALWAYS_SEARCH_USER_PATHS = NO;
				CLANG_ANALYZER_NONNULL = YES;
				CLANG_ANALYZER_NUMBER_OBJECT_CONVERSION = YES_AGGRESSIVE;
				CLANG_CXX_LANGUAGE_STANDARD = "gnu++17";
				CLANG_ENABLE_MODULES = YES;
				CLANG_ENABLE_OBJC_ARC = YES;
				CLANG_ENABLE_OBJC_WEAK = YES;
				CLANG_WARN_BLOCK_CAPTURE_AUTORELEASING = YES;
				CLANG_WARN_BOOL_CONVERSION = YES;
				CLANG_WARN_COMMA = YES;
				CLANG_WARN_CONSTANT_CONVERSION = YES;
				CLANG_WARN_DEPRECATED_OBJC_IMPLEMENTATIONS = YES;
				CLANG_WARN_DIRECT_OBJC_ISA_USAGE = YES_ERROR;
				CLANG_WARN_DOCUMENTATION_COMMENTS = YES;
				CLANG_WARN_EMPTY_BODY = YES;
				CLANG_WARN_ENUM_CONVERSION = YES;
				CLANG_WARN_INFINITE_RECURSION = YES;
				CLANG_WARN_INT_CONVERSION = YES;
				CLANG_WARN_NON_LITERAL_NULL_CONVERSION = YES;
				CLANG_WARN_OBJC_IMPLICIT_RETAIN_SELF = YES;
				CLANG_WARN_OBJC_LITERAL_CONVERSION = YES;
				CLANG_WARN_OBJC_ROOT_CLASS = YES_ERROR;
				CLANG_WARN_QUOTED_INCLUDE_IN_FRAMEWORK_HEADER = YES;
				CLANG_WARN_RANGE_LOOP_ANALYSIS = YES;
				CLANG_WARN_STRICT_PROTOTYPES = YES;
				CLANG_WARN_SUSPICIOUS_MOVE = YES;
				CLANG_WARN_UNGUARDED_AVAILABILITY = YES_AGGRESSIVE;
				CLANG_WARN_UNREACHABLE_CODE = YES;
				CLANG_WARN__DUPLICATE_METHOD_MATCH = YES;
				COPY_PHASE_STRIP = NO;
				DEBUG_INFORMATION_FORMAT = "dwarf-with-dsym";
				ENABLE_NS_ASSERTIONS = NO;
				ENABLE_STRICT_OBJC_MSGSEND = YES;
				GCC_C_LANGUAGE_STANDARD = gnu11;
				GCC_NO_COMMON_BLOCKS = YES;
				GCC_WARN_64_TO_32_BIT_CONVERSION = YES;
				GCC_WARN_ABOUT_RETURN_TYPE = YES_ERROR;
				GCC_WARN_UNDECLARED_SELECTOR = YES;
				GCC_WARN_UNINITIALIZED_AUTOS = YES_AGGRESSIVE;
				GCC_WARN_UNUSED_FUNCTION = YES;
				GCC_WARN_UNUSED_VARIABLE = YES;
				IPHONEOS_DEPLOYMENT_TARGET = 15.5;
				MTL_ENABLE_DEBUG_INFO = NO;
				MTL_FAST_MATH = YES;
				SDKROOT = iphoneos;
				SWIFT_COMPILATION_MODE = wholemodule;
				SWIFT_OPTIMIZATION_LEVEL = "-O";
				VALIDATE_PRODUCT = YES;
			};
			name = Release;
		};
		439D8DCB28C3625600B5376A /* Debug */ = {
			isa = XCBuildConfiguration;
			buildSettings = {
				ASSETCATALOG_COMPILER_APPICON_NAME = AppIcon;
				ASSETCATALOG_COMPILER_GLOBAL_ACCENT_COLOR_NAME = AccentColor;
				CODE_SIGN_STYLE = Automatic;
				CURRENT_PROJECT_VERSION = 1;
				DEVELOPMENT_TEAM = 5VBQ98K5MQ;
				GENERATE_INFOPLIST_FILE = YES;
				INFOPLIST_FILE = UnsplashFinder/App/Info.plist;
				INFOPLIST_KEY_UIApplicationSupportsIndirectInputEvents = YES;
				INFOPLIST_KEY_UILaunchStoryboardName = LaunchScreen;
				INFOPLIST_KEY_UIMainStoryboardFile = Main;
				INFOPLIST_KEY_UISupportedInterfaceOrientations_iPad = "UIInterfaceOrientationPortrait UIInterfaceOrientationPortraitUpsideDown UIInterfaceOrientationLandscapeLeft UIInterfaceOrientationLandscapeRight";
				INFOPLIST_KEY_UISupportedInterfaceOrientations_iPhone = "UIInterfaceOrientationPortrait UIInterfaceOrientationLandscapeLeft UIInterfaceOrientationLandscapeRight";
				LD_RUNPATH_SEARCH_PATHS = (
					"$(inherited)",
					"@executable_path/Frameworks",
				);
				MARKETING_VERSION = 1.0;
				PRODUCT_BUNDLE_IDENTIFIER = K2.UnsplashFinder;
				PRODUCT_NAME = "$(TARGET_NAME)";
				SWIFT_EMIT_LOC_STRINGS = YES;
				SWIFT_VERSION = 5.0;
				TARGETED_DEVICE_FAMILY = 1;
			};
			name = Debug;
		};
		439D8DCC28C3625600B5376A /* Release */ = {
			isa = XCBuildConfiguration;
			buildSettings = {
				ASSETCATALOG_COMPILER_APPICON_NAME = AppIcon;
				ASSETCATALOG_COMPILER_GLOBAL_ACCENT_COLOR_NAME = AccentColor;
				CODE_SIGN_STYLE = Automatic;
				CURRENT_PROJECT_VERSION = 1;
				DEVELOPMENT_TEAM = 5VBQ98K5MQ;
				GENERATE_INFOPLIST_FILE = YES;
				INFOPLIST_FILE = UnsplashFinder/App/Info.plist;
				INFOPLIST_KEY_UIApplicationSupportsIndirectInputEvents = YES;
				INFOPLIST_KEY_UILaunchStoryboardName = LaunchScreen;
				INFOPLIST_KEY_UIMainStoryboardFile = Main;
				INFOPLIST_KEY_UISupportedInterfaceOrientations_iPad = "UIInterfaceOrientationPortrait UIInterfaceOrientationPortraitUpsideDown UIInterfaceOrientationLandscapeLeft UIInterfaceOrientationLandscapeRight";
				INFOPLIST_KEY_UISupportedInterfaceOrientations_iPhone = "UIInterfaceOrientationPortrait UIInterfaceOrientationLandscapeLeft UIInterfaceOrientationLandscapeRight";
				LD_RUNPATH_SEARCH_PATHS = (
					"$(inherited)",
					"@executable_path/Frameworks",
				);
				MARKETING_VERSION = 1.0;
				PRODUCT_BUNDLE_IDENTIFIER = K2.UnsplashFinder;
				PRODUCT_NAME = "$(TARGET_NAME)";
				SWIFT_EMIT_LOC_STRINGS = YES;
				SWIFT_VERSION = 5.0;
				TARGETED_DEVICE_FAMILY = 1;
			};
			name = Release;
		};
/* End XCBuildConfiguration section */

/* Begin XCConfigurationList section */
		439D8DB128C3625500B5376A /* Build configuration list for PBXProject "UnsplashFinder" */ = {
			isa = XCConfigurationList;
			buildConfigurations = (
				439D8DC828C3625600B5376A /* Debug */,
				439D8DC928C3625600B5376A /* Release */,
			);
			defaultConfigurationIsVisible = 0;
			defaultConfigurationName = Release;
		};
		439D8DCA28C3625600B5376A /* Build configuration list for PBXNativeTarget "UnsplashFinder" */ = {
			isa = XCConfigurationList;
			buildConfigurations = (
				439D8DCB28C3625600B5376A /* Debug */,
				439D8DCC28C3625600B5376A /* Release */,
			);
			defaultConfigurationIsVisible = 0;
			defaultConfigurationName = Release;
		};
/* End XCConfigurationList section */
	};
	rootObject = 439D8DAE28C3625500B5376A /* Project object */;
}
